#MicroXplorer Configuration settings - do not modify
ADC1.Channel-0\#ChannelRegularConversion=ADC_CHANNEL_15
ADC1.ClockPrescaler=ADC_CLOCK_SYNC_PCLK_DIV4
ADC1.EnableAnalogWatchDog2=false
ADC1.IPParameters=Rank-0\#ChannelRegularConversion,Channel-0\#ChannelRegularConversion,SamplingTime-0\#ChannelRegularConversion,OffsetNumber-0\#ChannelRegularConversion,NbrOfConversionFlag,ClockPrescaler,master,EnableAnalogWatchDog2
ADC1.NbrOfConversionFlag=1
ADC1.OffsetNumber-0\#ChannelRegularConversion=ADC_OFFSET_NONE
ADC1.Rank-0\#ChannelRegularConversion=1
ADC1.SamplingTime-0\#ChannelRegularConversion=ADC_SAMPLETIME_640CYCLES_5
ADC1.master=1
CAD.formats=
CAD.pinconfig=
CAD.provider=
FREERTOS.IPParameters=Tasks01,configUSE_NEWLIB_REENTRANT,configUSE_TICKLESS_IDLE,configTICK_RATE_HZ
FREERTOS.Tasks01=defaultTask,24,128,StartDefaultTask,Default,NULL,Dynamic,NULL,NULL
FREERTOS.configTICK_RATE_HZ=512
FREERTOS.configUSE_NEWLIB_REENTRANT=1
FREERTOS.configUSE_TICKLESS_IDLE=2
File.Version=6
GPIO.groupedBy=Group By Peripherals
I2C2.IPParameters=Timing
I2C2.Timing=0x10A077A8
KeepUserPlacement=false
LPTIM1.ClockPrescaler=LPTIM_PRESCALER_DIV32
LPTIM1.IPParameters=ClockPrescaler
Mcu.CPN=STM32L496RGT6
Mcu.Family=STM32L4
Mcu.IP0=ADC1
Mcu.IP1=FREERTOS
Mcu.IP10=USART3
Mcu.IP2=I2C2
Mcu.IP3=LPTIM1
Mcu.IP4=NVIC
Mcu.IP5=RCC
Mcu.IP6=RTC
Mcu.IP7=SPI3
Mcu.IP8=SYS
Mcu.IP9=USART1
Mcu.IPNb=11
Mcu.Name=STM32L496R(E-G)Tx
Mcu.Package=LQFP64
Mcu.Pin0=PC14-OSC32_IN (PC14)
Mcu.Pin1=PC15-OSC32_OUT (PC15)
Mcu.Pin10=PB13
Mcu.Pin11=PB14
Mcu.Pin12=PB15
Mcu.Pin13=PC6
Mcu.Pin14=PC7
Mcu.Pin15=PA12
Mcu.Pin16=PA15 (JTDI)
Mcu.Pin17=PC10
Mcu.Pin18=PC11
Mcu.Pin19=PC12
Mcu.Pin2=PA2
Mcu.Pin20=PD2
Mcu.Pin21=PB3 (JTDO/TRACESWO)
Mcu.Pin22=PB5
Mcu.Pin23=PB6
Mcu.Pin24=PB7
Mcu.Pin25=PB9
Mcu.Pin26=VP_ADC1_Vref_Input
Mcu.Pin27=VP_FREERTOS_VS_CMSIS_V2
Mcu.Pin28=VP_LPTIM1_VS_LPTIM_counterModeInternalClock
Mcu.Pin29=VP_RTC_VS_RTC_Activate
Mcu.Pin3=PC4
Mcu.Pin30=VP_RTC_VS_RTC_Calendar
Mcu.Pin31=VP_SYS_VS_tim6
Mcu.Pin4=PB0
Mcu.Pin5=PB1
Mcu.Pin6=PB2
Mcu.Pin7=PB10
Mcu.Pin8=PB11
Mcu.Pin9=PB12
Mcu.PinsNb=32
Mcu.ThirdPartyNb=0
Mcu.UserConstants=
Mcu.UserName=STM32L496RGTx
MxCube.Version=6.18.0
MxDb.Version=DB.6.0.180
NVIC.BusFault_IRQn=true\:0\:0\:false\:false\:true\:false\:false\:false\:false
NVIC.DebugMonitor_IRQn=true\:0\:0\:false\:false\:true\:false\:false\:false\:false
NVIC.EXTI15_10_IRQn=true\:5\:0\:false\:false\:true\:true\:true\:true\:true
NVIC.ForceEnableDMAVector=true
NVIC.HardFault_IRQn=true\:0\:0\:false\:false\:true\:false\:false\:false\:false
NVIC.I2C2_ER_IRQn=true\:5\:0\:false\:false\:true\:true\:true\:true\:true
NVIC.I2C2_EV_IRQn=true\:5\:0\:false\:false\:true\:true\:true\:true\:true
NVIC.LPTIM1_IRQn=true\:15\:0\:true\:false\:true\:true\:true\:true\:true
NVIC.MemoryManagement_IRQn=true\:0\:0\:false\:false\:true\:false\:false\:false\:false
NVIC.NonMaskableInt_IRQn=true\:0\:0\:false\:false\:true\:false\:false\:false\:false
NVIC.PendSV_IRQn=true\:15\:0\:false\:false\:false\:true\:false\:false\:false
NVIC.PriorityGroup=NVIC_PRIORITYGROUP_4
NVIC.SVCall_IRQn=true\:0\:0\:false\:false\:false\:false\:false\:false\:false
NVIC.SavedPendsvIrqHandlerGenerated=true
NVIC.SavedSvcallIrqHandlerGenerated=true
NVIC.SavedSystickIrqHandlerGenerated=true
NVIC.SysTick_IRQn=true\:15\:0\:false\:false\:false\:true\:false\:true\:false
NVIC.TIM6_DAC_IRQn=true\:15\:0\:false\:false\:true\:false\:false\:true\:true
NVIC.TimeBase=TIM6_DAC_IRQn
NVIC.TimeBaseIP=TIM6
NVIC.USART1_IRQn=true\:5\:0\:false\:false\:true\:true\:true\:true\:true
NVIC.USART3_IRQn=true\:5\:0\:false\:false\:true\:true\:true\:true\:true
NVIC.UsageFault_IRQn=true\:0\:0\:false\:false\:true\:false\:false\:false\:false
PA12.GPIOParameters=GPIO_Label,GPIO_ModeDefaultEXTI
PA12.GPIO_Label=CNT0
PA12.GPIO_ModeDefaultEXTI=GPIO_MODE_IT_FALLING
PA12.Locked=true
PA12.Signal=GPXTI12
PA15\ (JTDI).GPIOParameters=PinState,GPIO_Label
PA15\ (JTDI).GPIO_Label=SD_SS
PA15\ (JTDI).Locked=true
PA15\ (JTDI).PinState=GPIO_PIN_SET
PA15\ (JTDI).Signal=GPIO_Output
PA2.GPIOParameters=GPIO_Label
PA2.GPIO_Label=LED2
PA2.Locked=true
PA2.Signal=GPIO_Output
PB0.Signal=ADCx_IN15
PB1.GPIOParameters=GPIO_Label
PB1.GPIO_Label=RS485_RTS
PB1.Locked=true
PB1.Mode=Hardware Flow Control (RS485)
PB1.Signal=USART3_DE
PB10.GPIOParameters=GPIO_Label
PB10.GPIO_Label=RS485_TX
PB10.Locked=true
PB10.Mode=Asynchronous
PB10.Signal=USART3_TX
PB11.GPIOParameters=GPIO_Label
PB11.GPIO_Label=RS485_RX
PB11.Locked=true
PB11.Mode=Asynchronous
PB11.Signal=USART3_RX
PB12.GPIOParameters=GPIO_Label
PB12.GPIO_Label=EN_PWR_SENS420
PB12.Locked=true
PB12.Signal=GPIO_Output
PB13.Locked=true
PB13.Mode=I2C
PB13.Signal=I2C2_SCL
PB14.Locked=true
PB14.Mode=I2C
PB14.Signal=I2C2_SDA
PB15.GPIOParameters=GPIO_Label
PB15.GPIO_Label=EN_PWR_CPRES
PB15.Locked=true
PB15.Signal=GPIO_Output
PB2.GPIOParameters=GPIO_Label
PB2.GPIO_Label=EN_SENS3V3
PB2.Locked=true
PB2.Signal=GPIO_Output
PB3\ (JTDO/TRACESWO).GPIOParameters=PinState,GPIO_Label
PB3\ (JTDO/TRACESWO).GPIO_Label=EN_PWR_SD
PB3\ (JTDO/TRACESWO).Locked=true
PB3\ (JTDO/TRACESWO).PinState=GPIO_PIN_SET
PB3\ (JTDO/TRACESWO).Signal=GPIO_Output
PB5.GPIOParameters=GPIO_PuPd,GPIO_Label
PB5.GPIO_Label=TERM_SENSE
PB5.GPIO_PuPd=GPIO_PULLUP
PB5.Locked=true
PB5.Signal=GPIO_Input
PB6.GPIOParameters=GPIO_Label
PB6.GPIO_Label=TERM_TX
PB6.Locked=true
PB6.Mode=Asynchronous
PB6.Signal=USART1_TX
PB7.GPIOParameters=GPIO_Label
PB7.GPIO_Label=TERM_RX
PB7.Locked=true
PB7.Mode=Asynchronous
PB7.Signal=USART1_RX
PB9.GPIOParameters=GPIO_Label
PB9.GPIO_Label=LED
PB9.Locked=true
PB9.Signal=GPIO_Output
PC10.GPIOParameters=GPIO_Label
PC10.GPIO_Label=SD_SCK
PC10.Locked=true
PC10.Mode=Full_Duplex_Master
PC10.Signal=SPI3_SCK
PC11.GPIOParameters=GPIO_Label
PC11.GPIO_Label=SD_MISO
PC11.Locked=true
PC11.Mode=Full_Duplex_Master
PC11.Signal=SPI3_MISO
PC12.GPIOParameters=GPIO_Label
PC12.GPIO_Label=SD_MOSI
PC12.Locked=true
PC12.Mode=Full_Duplex_Master
PC12.Signal=SPI3_MOSI
PC14-OSC32_IN\ (PC14).Locked=true
PC14-OSC32_IN\ (PC14).Mode=LSE-External-Oscillator
PC14-OSC32_IN\ (PC14).Signal=RCC_OSC32_IN
PC15-OSC32_OUT\ (PC15).Locked=true
PC15-OSC32_OUT\ (PC15).Mode=LSE-External-Oscillator
PC15-OSC32_OUT\ (PC15).Signal=RCC_OSC32_OUT
PC4.GPIOParameters=GPIO_Label
PC4.GPIO_Label=EN_SENS12V
PC4.Locked=true
PC4.Signal=GPIO_Output
PC6.GPIOParameters=GPIO_Label
PC6.GPIO_Label=EN_PWR_RS485
PC6.Locked=true
PC6.Signal=GPIO_Output
PC7.GPIOParameters=GPIO_Label
PC7.GPIO_Label=EN_PWR_QMBUS
PC7.Locked=true
PC7.Signal=GPIO_Output
PD2.GPIOParameters=GPIO_PuPd,GPIO_Label
PD2.GPIO_Label=SD_DET
PD2.GPIO_PuPd=GPIO_PULLUP
PD2.Locked=true
PD2.Signal=GPIO_Input
PinOutPanel.RotationAngle=0
ProjectManager.AskForMigrate=true
ProjectManager.BackupPrevious=false
ProjectManager.CompilerLinker=GCC
ProjectManager.CompilerOptimize=6
ProjectManager.ComputerToolchain=false
ProjectManager.CoupleFile=false
ProjectManager.CustomerFirmwarePackage=
ProjectManager.DefaultFWLocation=true
ProjectManager.DeletePrevious=true
ProjectManager.DeviceId=STM32L496RGTx
ProjectManager.FirmwarePackage=STM32Cube FW_L4 V1.18.2
ProjectManager.FreePins=false
ProjectManager.FreePinsContext=
ProjectManager.HalAssertFull=false
ProjectManager.HeapSize=0x200
ProjectManager.KeepUserCode=true
ProjectManager.LastFirmware=true
ProjectManager.LibraryCopy=1
ProjectManager.MainLocation=Core/Src
ProjectManager.NoMain=false
ProjectManager.PreviousToolchain=STM32CubeIDE
ProjectManager.ProjectBuild=false
ProjectManager.ProjectFileName=FWDLGARM_R1.ioc
ProjectManager.ProjectName=FWDLGARM_R1
ProjectManager.ProjectStructure=
ProjectManager.RegisterCallBack=
ProjectManager.StackSize=0x400
ProjectManager.TargetToolchain=STM32CubeIDE
ProjectManager.ToolChainLocation=
ProjectManager.UAScriptAfterPath=
ProjectManager.UAScriptBeforePath=
ProjectManager.UnderRoot=true
ProjectManager.functionlistsort=1-SystemClock_Config-RCC-false-HAL-false,2-MX_GPIO_Init-GPIO-false-HAL-true,3-MX_RTC_Init-RTC-false-HAL-true,4-MX_LPTIM1_Init-LPTIM1-false-HAL-true,5-MX_USART1_UART_Init-USART1-false-HAL-true,6-MX_I2C2_Init-I2C2-false-HAL-true,7-MX_USART3_UART_Init-USART3-false-HAL-true,8-MX_SPI3_Init-SPI3-false-HAL-true,9-MX_ADC1_Init-ADC1-false-HAL-true
RCC.ADCFreq_Value=32000000
RCC.AHBFreq_Value=60000000
RCC.APB1Freq_Value=60000000
RCC.APB1TimFreq_Value=60000000
RCC.APB2Freq_Value=60000000
RCC.APB2TimFreq_Value=60000000
RCC.CortexFreq_Value=60000000
RCC.DFSDMFreq_Value=60000000
RCC.FCLKCortexFreq_Value=60000000
RCC.FamilyName=M
RCC.HCLKFreq_Value=60000000
RCC.HSE_VALUE=8000000
RCC.HSI48_VALUE=48000000
RCC.HSI_VALUE=16000000
RCC.I2C1Freq_Value=60000000
RCC.I2C2Freq_Value=60000000
RCC.I2C3Freq_Value=60000000
RCC.I2C4Freq_Value=60000000
RCC.IPParameters=ADCFreq_Value,AHBFreq_Value,APB1Freq_Value,APB1TimFreq_Value,APB2Freq_Value,APB2TimFreq_Value,CortexFreq_Value,DFSDMFreq_Value,FCLKCortexFreq_Value,FamilyName,HCLKFreq_Value,HSE_VALUE,HSI48_VALUE,HSI_VALUE,I2C1Freq_Value,I2C2Freq_Value,I2C3Freq_Value,I2C4Freq_Value,LCDFreq_Value,LPTIM1CLockSelection,LPTIM1Freq_Value,LPTIM2Freq_Value,LPUART1Freq_Value,LSCOPinFreq_Value,LSI_VALUE,MCO1PinFreq_Value,MSI_VALUE,PLLN,PLLPoutputFreq_Value,PLLQoutputFreq_Value,PLLRCLKFreq_Value,PLLSAI1N,PLLSAI1PoutputFreq_Value,PLLSAI1QoutputFreq_Value,PLLSAI1RoutputFreq_Value,PLLSAI2PoutputFreq_Value,PLLSAI2RoutputFreq_Value,PWRFreq_Value,RNGFreq_Value,RTCClockSelection,RTCFreq_Value,SAI1Freq_Value,SAI2Freq_Value,SDMMCFreq_Value,SWPMI1Freq_Value,SYSCLKFreq_VALUE,SYSCLKSource,UART4Freq_Value,UART5Freq_Value,USART1Freq_Value,USART2Freq_Value,USART3Freq_Value,USBFreq_Value,VCOInputFreq_Value,VCOOutputFreq_Value,VCOSAI1OutputFreq_Value,VCOSAI2OutputFreq_Value
RCC.LCDFreq_Value=32768
RCC.LPTIM1CLockSelection=RCC_LPTIM1CLKSOURCE_LSE
RCC.LPTIM1Freq_Value=32768
RCC.LPTIM2Freq_Value=60000000
RCC.LPUART1Freq_Value=60000000
RCC.LSCOPinFreq_Value=32000
RCC.LSI_VALUE=32000
RCC.MCO1PinFreq_Value=60000000
RCC.MSI_VALUE=4000000
RCC.PLLN=30
RCC.PLLPoutputFreq_Value=60000000
RCC.PLLQoutputFreq_Value=60000000
RCC.PLLRCLKFreq_Value=60000000
RCC.PLLSAI1N=16
RCC.PLLSAI1PoutputFreq_Value=32000000
RCC.PLLSAI1QoutputFreq_Value=32000000
RCC.PLLSAI1RoutputFreq_Value=32000000
RCC.PLLSAI2PoutputFreq_Value=16000000
RCC.PLLSAI2RoutputFreq_Value=16000000
RCC.PWRFreq_Value=60000000
RCC.RNGFreq_Value=32000000
RCC.RTCClockSelection=RCC_RTCCLKSOURCE_LSE
RCC.RTCFreq_Value=32768
RCC.SAI1Freq_Value=32000000
RCC.SAI2Freq_Value=32000000
RCC.SDMMCFreq_Value=32000000
RCC.SWPMI1Freq_Value=60000000
RCC.SYSCLKFreq_VALUE=60000000
RCC.SYSCLKSource=RCC_SYSCLKSOURCE_PLLCLK
RCC.UART4Freq_Value=60000000
RCC.UART5Freq_Value=60000000
RCC.USART1Freq_Value=60000000
RCC.USART2Freq_Value=60000000
RCC.USART3Freq_Value=60000000
RCC.USBFreq_Value=32000000
RCC.VCOInputFreq_Value=4000000
RCC.VCOOutputFreq_Value=120000000
RCC.VCOSAI1OutputFreq_Value=64000000
RCC.VCOSAI2OutputFreq_Value=32000000
SH.ADCx_IN15.0=ADC1_IN15,IN15-Single-Ended
SH.ADCx_IN15.ConfNb=1
SH.GPXTI12.0=GPIO_EXTI12
SH.GPXTI12.ConfNb=1
SPI3.BaudRatePrescaler=SPI_BAUDRATEPRESCALER_256
SPI3.CalculateBaudRate=234.375 KBits/s
SPI3.DataSize=SPI_DATASIZE_8BIT
SPI3.Direction=SPI_DIRECTION_2LINES
SPI3.IPParameters=VirtualType,Mode,Direction,CalculateBaudRate,DataSize,BaudRatePrescaler,NSSPMode
SPI3.Mode=SPI_MODE_MASTER
SPI3.NSSPMode=SPI_NSS_PULSE_DISABLE
SPI3.VirtualType=VM_MASTER
USART1.BaudRate=9600
USART1.IPParameters=VirtualMode-Asynchronous,BaudRate
USART1.VirtualMode-Asynchronous=VM_ASYNC
USART3.BaudRate=9600
USART3.IPParameters=VirtualMode-Asynchronous,VirtualMode-Hardware Flow Control (RS485),BaudRate
USART3.VirtualMode-Asynchronous=VM_ASYNC
USART3.VirtualMode-Hardware\ Flow\ Control\ (RS485)=VM_ASYNC
VP_ADC1_Vref_Input.Mode=IN-Vrefint
VP_ADC1_Vref_Input.Signal=ADC1_Vref_Input
VP_FREERTOS_VS_CMSIS_V2.Mode=CMSIS_V2
VP_FREERTOS_VS_CMSIS_V2.Signal=FREERTOS_VS_CMSIS_V2
VP_LPTIM1_VS_LPTIM_counterModeInternalClock.Mode=Counts__internal_clock_event_00
VP_LPTIM1_VS_LPTIM_counterModeInternalClock.Signal=LPTIM1_VS_LPTIM_counterModeInternalClock
VP_RTC_VS_RTC_Activate.Mode=RTC_Enabled
VP_RTC_VS_RTC_Activate.Signal=RTC_VS_RTC_Activate
VP_RTC_VS_RTC_Calendar.Mode=RTC_Calendar
VP_RTC_VS_RTC_Calendar.Signal=RTC_VS_RTC_Calendar
VP_SYS_VS_tim6.Mode=TIM6
VP_SYS_VS_tim6.Signal=SYS_VS_tim6
board=custom
rtos.0.ip=FREERTOS
